<?xml version="1.0" encoding="utf-8"?>
<Project ToolsVersion="4.0" xmlns="http://schemas.microsoft.com/developer/msbuild/2003">
  <ItemGroup>
    <Filter Include="Source Files">
      <UniqueIdentifier>{b9c8c50c-08fb-4704-a813-9a988ba1bf33}</UniqueIdentifier>
      <Extensions>cpp;c;cxx;def;odl;idl;hpj;bat;asm</Extensions>
    </Filter>
    <Filter Include="Header Files">
      <UniqueIdentifier>{cda8f701-adbe-4428-8f0a-eafd71143217}</UniqueIdentifier>
      <Extensions>h;hpp;hxx;hm;inl;inc</Extensions>
    </Filter>
    <Filter Include="Resource Files">
      <UniqueIdentifier>{41e1b8ff-f1c5-4a7a-a00e-7ed3ef81e161}</UniqueIdentifier>
      <Extensions>rc;ico;cur;bmp;dlg;rc2;rct;bin;rgs;gif;jpg;jpeg;jpe</Extensions>
    </Filter>
  </ItemGroup>
  <ItemGroup>
    <ClCompile Include="BitmapGlue.cpp">
      <Filter>Source Files</Filter>
    </ClCompile>
    <ClCompile Include="CVHConvert.cpp">
      <Filter>Source Files</Filter>
    </ClCompile>
    <ClCompile Include="CVHFile.cpp">
      <Filter>Source Files</Filter>
    </ClCompile>
    <ClCompile Include="MDLFile.cpp">
      <Filter>Source Files</Filter>
    </ClCompile>
    <ClCompile Include="stdafx.cpp">
      <Filter>Source Files</Filter>
    </ClCompile>
  </ItemGroup>
  <ItemGroup>
    <ClInclude Include="BitmapGlue.h">
      <Filter>Header Files</Filter>
    </ClInclude>
    <ClInclude Include="CVHConvert.h">
      <Filter>Header Files</Filter>
    </ClInclude>
    <ClInclude Include="CVHFile.h">
      <Filter>Header Files</Filter>
    </ClInclude>
    <ClInclude Include="MDLFile.h">
      <Filter>Header Files</Filter>
    </ClInclude>
    <ClInclude Include="Resource.h">
      <Filter>Header Files</Filter>
    </ClInclude>
    <ClInclude Include="stdafx.h">
      <Filter>Header Files</Filter>
    </ClInclude>
    <ClInclude Include="Lib\FreeImage\FreeImage.h">
      <Filter>Header Files</Filter>
    </ClInclude>
  </ItemGroup>
  <ItemGroup>
    <ResourceCompile Include="CVHConvert.rc">
      <Filter>Resource Files</Filter>
    </ResourceCompile>
  </ItemGroup>
  <ItemGroup>
    <Text Include="ReadMe.txt" />
  </ItemGroup>
</Project>